// !$*UTF8*$!
{
	archiveVersion = 1;
	classes = {
	};
	objectVersion = 56;
	objects = {

/* Begin PBXBuildFile section */
		2D979E0D2B8A9C7F00EAA49B /* AppDelegate.swift in Sources */ = {isa = PBXBuildFile; fileRef = 2D979E0C2B8A9C7F00EAA49B /* AppDelegate.swift */; };
		2D979E0F2B8A9C7F00EAA49B /* SceneDelegate.swift in Sources */ = {isa = PBXBuildFile; fileRef = 2D979E0E2B8A9C7F00EAA49B /* SceneDelegate.swift */; };
		2D979E112B8A9C7F00EAA49B /* ViewController.swift in Sources */ = {isa = PBXBuildFile; fileRef = 2D979E102B8A9C7F00EAA49B /* ViewController.swift */; };
		2D979E142B8A9C7F00EAA49B /* Base in Resources */ = {isa = PBXBuildFile; fileRef = 2D979E132B8A9C7F00EAA49B /* Base */; };
		2D979E162B8A9C8000EAA49B /* Assets.xcassets in Resources */ = {isa = PBXBuildFile; fileRef = 2D979E152B8A9C8000EAA49B /* Assets.xcassets */; };
		2D979E192B8A9C8000EAA49B /* Base in Resources */ = {isa = PBXBuildFile; fileRef = 2D979E182B8A9C8000EAA49B /* Base */; };
		B5B30C001D2704D0B4A9367D /* Pods_SessionsTestApp.framework in Frameworks */ = {isa = PBXBuildFile; fileRef = 5C4E47FE8B6AB17C06E20F01 /* Pods_SessionsTestApp.framework */; };
/* End PBXBuildFile section */

/* Begin PBXFileReference section */
		2D979E092B8A9C7F00EAA49B /* SessionsTestApp.app */ = {isa = PBXFileReference; explicitFileType = wrapper.application; includeInIndex = 0; path = SessionsTestApp.app; sourceTree = BUILT_PRODUCTS_DIR; };
		2D979E0C2B8A9C7F00EAA49B /* AppDelegate.swift */ = {isa = PBXFileReference; lastKnownFileType = sourcecode.swift; path = AppDelegate.swift; sourceTree = "<group>"; };
		2D979E0E2B8A9C7F00EAA49B /* SceneDelegate.swift */ = {isa = PBXFileReference; lastKnownFileType = sourcecode.swift; path = SceneDelegate.swift; sourceTree = "<group>"; };
		2D979E102B8A9C7F00EAA49B /* ViewController.swift */ = {isa = PBXFileReference; lastKnownFileType = sourcecode.swift; path = ViewController.swift; sourceTree = "<group>"; };
		2D979E132B8A9C7F00EAA49B /* Base */ = {isa = PBXFileReference; lastKnownFileType = file.storyboard; name = Base; path = Base.lproj/Main.storyboard; sourceTree = "<group>"; };
		2D979E152B8A9C8000EAA49B /* Assets.xcassets */ = {isa = PBXFileReference; lastKnownFileType = folder.assetcatalog; path = Assets.xcassets; sourceTree = "<group>"; };
		2D979E182B8A9C8000EAA49B /* Base */ = {isa = PBXFileReference; lastKnownFileType = file.storyboard; name = Base; path = Base.lproj/LaunchScreen.storyboard; sourceTree = "<group>"; };
		2D979E1A2B8A9C8000EAA49B /* Info.plist */ = {isa = PBXFileReference; lastKnownFileType = text.plist.xml; path = Info.plist; sourceTree = "<group>"; };
		5C4E47FE8B6AB17C06E20F01 /* Pods_SessionsTestApp.framework */ = {isa = PBXFileReference; explicitFileType = wrapper.framework; includeInIndex = 0; path = Pods_SessionsTestApp.framework; sourceTree = BUILT_PRODUCTS_DIR; };
		E60427317E8C2B6A7DAD36BB /* Pods-SessionsTestApp.debug.xcconfig */ = {isa = PBXFileReference; includeInIndex = 1; lastKnownFileType = text.xcconfig; name = "Pods-SessionsTestApp.debug.xcconfig"; path = "Target Support Files/Pods-SessionsTestApp/Pods-SessionsTestApp.debug.xcconfig"; sourceTree = "<group>"; };
		F373E20D08F6FED036B03989 /* Pods-SessionsTestApp.release.xcconfig */ = {isa = PBXFileReference; includeInIndex = 1; lastKnownFileType = text.xcconfig; name = "Pods-SessionsTestApp.release.xcconfig"; path = "Target Support Files/Pods-SessionsTestApp/Pods-SessionsTestApp.release.xcconfig"; sourceTree = "<group>"; };
/* End PBXFileReference section */

/* Begin PBXFrameworksBuildPhase section */
		2D979E062B8A9C7F00EAA49B /* Frameworks */ = {
			isa = PBXFrameworksBuildPhase;
			buildActionMask = 2147483647;
			files = (
				B5B30C001D2704D0B4A9367D /* Pods_SessionsTestApp.framework in Frameworks */,
			);
			runOnlyForDeploymentPostprocessing = 0;
		};
/* End PBXFrameworksBuildPhase section */

/* Begin PBXGroup section */
		2D979E002B8A9C7F00EAA49B = {
			isa = PBXGroup;
			children = (
				2D979E0B2B8A9C7F00EAA49B /* SessionsTestApp */,
				2D979E0A2B8A9C7F00EAA49B /* Products */,
				D28FCB757D091586F2C4E4F0 /* Pods */,
				3079DF08B704A4317ACDE74F /* Frameworks */,
			);
			sourceTree = "<group>";
		};
		2D979E0A2B8A9C7F00EAA49B /* Products */ = {
			isa = PBXGroup;
			children = (
				2D979E092B8A9C7F00EAA49B /* SessionsTestApp.app */,
			);
			name = Products;
			sourceTree = "<group>";
		};
		2D979E0B2B8A9C7F00EAA49B /* SessionsTestApp */ = {
			isa = PBXGroup;
			children = (
				2D979E0C2B8A9C7F00EAA49B /* AppDelegate.swift */,
				2D979E0E2B8A9C7F00EAA49B /* SceneDelegate.swift */,
				2D979E102B8A9C7F00EAA49B /* ViewController.swift */,
				2D979E122B8A9C7F00EAA49B /* Main.storyboard */,
				2D979E152B8A9C8000EAA49B /* Assets.xcassets */,
				2D979E172B8A9C8000EAA49B /* LaunchScreen.storyboard */,
				2D979E1A2B8A9C8000EAA49B /* Info.plist */,
			);
			path = SessionsTestApp;
			sourceTree = "<group>";
		};
		3079DF08B704A4317ACDE74F /* Frameworks */ = {
			isa = PBXGroup;
			children = (
				5C4E47FE8B6AB17C06E20F01 /* Pods_SessionsTestApp.framework */,
			);
			name = Frameworks;
			sourceTree = "<group>";
		};
		D28FCB757D091586F2C4E4F0 /* Pods */ = {
			isa = PBXGroup;
			children = (
				E60427317E8C2B6A7DAD36BB /* Pods-SessionsTestApp.debug.xcconfig */,
				F373E20D08F6FED036B03989 /* Pods-SessionsTestApp.release.xcconfig */,
			);
			path = Pods;
			sourceTree = "<group>";
		};
/* End PBXGroup section */

/* Begin PBXNativeTarget section */
		2D979E082B8A9C7F00EAA49B /* SessionsTestApp */ = {
			isa = PBXNativeTarget;
			buildConfigurationList = 2D979E1D2B8A9C8000EAA49B /* Build configuration list for PBXNativeTarget "SessionsTestApp" */;
			buildPhases = (
				3F8A2888C88418335525483A /* [CP] Check Pods Manifest.lock */,
				2D979E052B8A9C7F00EAA49B /* Sources */,
				2D979E062B8A9C7F00EAA49B /* Frameworks */,
				2D979E072B8A9C7F00EAA49B /* Resources */,
				4EC9B87F2E095D57C5C62611 /* [CP] Copy Pods Resources */,
			);
			buildRules = (
			);
			dependencies = (
			);
			name = SessionsTestApp;
			productName = SessionsTestApp;
			productReference = 2D979E092B8A9C7F00EAA49B /* SessionsTestApp.app */;
			productType = "com.apple.product-type.application";
		};
/* End PBXNativeTarget section */

/* Begin PBXProject section */
		2D979E012B8A9C7F00EAA49B /* Project object */ = {
			isa = PBXProject;
			attributes = {
				BuildIndependentTargetsInParallel = 1;
				LastSwiftUpdateCheck = 1530;
				LastUpgradeCheck = 1530;
				TargetAttributes = {
					2D979E082B8A9C7F00EAA49B = {
						CreatedOnToolsVersion = 15.3;
					};
				};
			};
			buildConfigurationList = 2D979E042B8A9C7F00EAA49B /* Build configuration list for PBXProject "SessionsTestApp" */;
			compatibilityVersion = "Xcode 14.0";
			developmentRegion = en;
			hasScannedForEncodings = 0;
			knownRegions = (
				en,
				Base,
			);
			mainGroup = 2D979E002B8A9C7F00EAA49B;
			productRefGroup = 2D979E0A2B8A9C7F00EAA49B /* Products */;
			projectDirPath = "";
			projectRoot = "";
			targets = (
				2D979E082B8A9C7F00EAA49B /* SessionsTestApp */,
			);
		};
/* End PBXProject section */

/* Begin PBXResourcesBuildPhase section */
		2D979E072B8A9C7F00EAA49B /* Resources */ = {
			isa = PBXResourcesBuildPhase;
			buildActionMask = 2147483647;
			files = (
				2D979E162B8A9C8000EAA49B /* Assets.xcassets in Resources */,
				2D979E192B8A9C8000EAA49B /* Base in Resources */,
				2D979E142B8A9C7F00EAA49B /* Base in Resources */,
			);
			runOnlyForDeploymentPostprocessing = 0;
		};
/* End PBXResourcesBuildPhase section */

/* Begin PBXShellScriptBuildPhase section */
		3F8A2888C88418335525483A /* [CP] Check Pods Manifest.lock */ = {
			isa = PBXShellScriptBuildPhase;
			buildActionMask = 2147483647;
			files = (
			);
			inputFileListPaths = (
			);
			inputPaths = (
				"${PODS_PODFILE_DIR_PATH}/Podfile.lock",
				"${PODS_ROOT}/Manifest.lock",
			);
			name = "[CP] Check Pods Manifest.lock";
			outputFileListPaths = (
			);
			outputPaths = (
				"$(DERIVED_FILE_DIR)/Pods-SessionsTestApp-checkManifestLockResult.txt",
			);
			runOnlyForDeploymentPostprocessing = 0;
			shellPath = /bin/sh;
			shellScript = "diff \"${PODS_PODFILE_DIR_PATH}/Podfile.lock\" \"${PODS_ROOT}/Manifest.lock\" > /dev/null\nif [ $? != 0 ] ; then\n    # print error to STDERR\n    echo \"error: The sandbox is not in sync with the Podfile.lock. Run 'pod install' or update your CocoaPods installation.\" >&2\n    exit 1\nfi\n# This output is used by Xcode 'outputs' to avoid re-running this script phase.\necho \"SUCCESS\" > \"${SCRIPT_OUTPUT_FILE_0}\"\n";
			showEnvVarsInLog = 0;
		};
		4EC9B87F2E095D57C5C62611 /* [CP] Copy Pods Resources */ = {
			isa = PBXShellScriptBuildPhase;
			buildActionMask = 2147483647;
			files = (
			);
			inputFileListPaths = (
				"${PODS_ROOT}/Target Support Files/Pods-SessionsTestApp/Pods-SessionsTestApp-resources-${CONFIGURATION}-input-files.xcfilelist",
			);
			name = "[CP] Copy Pods Resources";
			outputFileListPaths = (
				"${PODS_ROOT}/Target Support Files/Pods-SessionsTestApp/Pods-SessionsTestApp-resources-${CONFIGURATION}-output-files.xcfilelist",
			);
			runOnlyForDeploymentPostprocessing = 0;
			shellPath = /bin/sh;
			shellScript = "\"${PODS_ROOT}/Target Support Files/Pods-SessionsTestApp/Pods-SessionsTestApp-resources.sh\"\n";
			showEnvVarsInLog = 0;
		};
/* End PBXShellScriptBuildPhase section */

/* Begin PBXSourcesBuildPhase section */
		2D979E052B8A9C7F00EAA49B /* Sources */ = {
			isa = PBXSourcesBuildPhase;
			buildActionMask = 2147483647;
			files = (
				2D979E112B8A9C7F00EAA49B /* ViewController.swift in Sources */,
				2D979E0D2B8A9C7F00EAA49B /* AppDelegate.swift in Sources */,
				2D979E0F2B8A9C7F00EAA49B /* SceneDelegate.swift in Sources */,
			);
			runOnlyForDeploymentPostprocessing = 0;
		};
/* End PBXSourcesBuildPhase section */

/* Begin PBXVariantGroup section */
		2D979E122B8A9C7F00EAA49B /* Main.storyboard */ = {
			isa = PBXVariantGroup;
			children = (
				2D979E132B8A9C7F00EAA49B /* Base */,
			);
			name = Main.storyboard;
			sourceTree = "<group>";
		};
		2D979E172B8A9C8000EAA49B /* LaunchScreen.storyboard */ = {
			isa = PBXVariantGroup;
			children = (
				2D979E182B8A9C8000EAA49B /* Base */,
			);
			name = LaunchScreen.storyboard;
			sourceTree = "<group>";
		};
/* End PBXVariantGroup section */

/* Begin XCBuildConfiguration section */
		2D979E1B2B8A9C8000EAA49B /* Debug */ = {
			isa = XCBuildConfiguration;
			buildSettings = {
				ALWAYS_SEARCH_USER_PATHS = NO;
				ASSETCATALOG_COMPILER_GENERATE_SWIFT_ASSET_SYMBOL_EXTENSIONS = YES;
				CLANG_ANALYZER_NONNULL = YES;
				CLANG_ANALYZER_NUMBER_OBJECT_CONVERSION = YES_AGGRESSIVE;
				CLANG_CXX_LANGUAGE_STANDARD = "gnu++20";
				CLANG_ENABLE_MODULES = YES;
				CLANG_ENABLE_OBJC_ARC = YES;
				CLANG_ENABLE_OBJC_WEAK = YES;
				CLANG_WARN_BLOCK_CAPTURE_AUTORELEASING = YES;
				CLANG_WARN_BOOL_CONVERSION = YES;
				CLANG_WARN_COMMA = YES;
				CLANG_WARN_CONSTANT_CONVERSION = YES;
				CLANG_WARN_DEPRECATED_OBJC_IMPLEMENTATIONS = YES;
				CLANG_WARN_DIRECT_OBJC_ISA_USAGE = YES_ERROR;
				CLANG_WARN_DOCUMENTATION_COMMENTS = YES;
				CLANG_WARN_EMPTY_BODY = YES;
				CLANG_WARN_ENUM_CONVERSION = YES;
				CLANG_WARN_INFINITE_RECURSION = YES;
				CLANG_WARN_INT_CONVERSION = YES;
				CLANG_WARN_NON_LITERAL_NULL_CONVERSION = YES;
				CLANG_WARN_OBJC_IMPLICIT_RETAIN_SELF = YES;
				CLANG_WARN_OBJC_LITERAL_CONVERSION = YES;
				CLANG_WARN_OBJC_ROOT_CLASS = YES_ERROR;
				CLANG_WARN_QUOTED_INCLUDE_IN_FRAMEWORK_HEADER = YES;
				CLANG_WARN_RANGE_LOOP_ANALYSIS = YES;
				CLANG_WARN_STRICT_PROTOTYPES = YES;
				CLANG_WARN_SUSPICIOUS_MOVE = YES;
				CLANG_WARN_UNGUARDED_AVAILABILITY = YES_AGGRESSIVE;
				CLANG_WARN_UNREACHABLE_CODE = YES;
				CLANG_WARN__DUPLICATE_METHOD_MATCH = YES;
				COPY_PHASE_STRIP = NO;
				DEBUG_INFORMATION_FORMAT = dwarf;
				ENABLE_STRICT_OBJC_MSGSEND = YES;
				ENABLE_TESTABILITY = YES;
				ENABLE_USER_SCRIPT_SANDBOXING = YES;
				GCC_C_LANGUAGE_STANDARD = gnu17;
				GCC_DYNAMIC_NO_PIC = NO;
				GCC_NO_COMMON_BLOCKS = YES;
				GCC_OPTIMIZATION_LEVEL = 0;
				GCC_PREPROCESSOR_DEFINITIONS = (
					"DEBUG=1",
					"$(inherited)",
				);
				GCC_WARN_64_TO_32_BIT_CONVERSION = YES;
				GCC_WARN_ABOUT_RETURN_TYPE = YES_ERROR;
				GCC_WARN_UNDECLARED_SELECTOR = YES;
				GCC_WARN_UNINITIALIZED_AUTOS = YES_AGGRESSIVE;
				GCC_WARN_UNUSED_FUNCTION = YES;
				GCC_WARN_UNUSED_VARIABLE = YES;
				IPHONEOS_DEPLOYMENT_TARGET = 17.4;
				LOCALIZATION_PREFERS_STRING_CATALOGS = YES;
				MTL_ENABLE_DEBUG_INFO = INCLUDE_SOURCE;
				MTL_FAST_MATH = YES;
				ONLY_ACTIVE_ARCH = YES;
				SDKROOT = iphoneos;
				SWIFT_ACTIVE_COMPILATION_CONDITIONS = "DEBUG $(inherited)";
				SWIFT_OPTIMIZATION_LEVEL = "-Onone";
			};
			name = Debug;
		};
		2D979E1C2B8A9C8000EAA49B /* Release */ = {
			isa = XCBuildConfiguration;
			buildSettings = {
				ALWAYS_SEARCH_USER_PATHS = NO;
				ASSETCATALOG_COMPILER_GENERATE_SWIFT_ASSET_SYMBOL_EXTENSIONS = YES;
				CLANG_ANALYZER_NONNULL = YES;
				CLANG_ANALYZER_NUMBER_OBJECT_CONVERSION = YES_AGGRESSIVE;
				CLANG_CXX_LANGUAGE_STANDARD = "gnu++20";
				CLANG_ENABLE_MODULES = YES;
				CLANG_ENABLE_OBJC_ARC = YES;
				CLANG_ENABLE_OBJC_WEAK = YES;
				CLANG_WARN_BLOCK_CAPTURE_AUTORELEASING = YES;
				CLANG_WARN_BOOL_CONVERSION = YES;
				CLANG_WARN_COMMA = YES;
				CLANG_WARN_CONSTANT_CONVERSION = YES;
				CLANG_WARN_DEPRECATED_OBJC_IMPLEMENTATIONS = YES;
				CLANG_WARN_DIRECT_OBJC_ISA_USAGE = YES_ERROR;
				CLANG_WARN_DOCUMENTATION_COMMENTS = YES;
				CLANG_WARN_EMPTY_BODY = YES;
				CLANG_WARN_ENUM_CONVERSION = YES;
				CLANG_WARN_INFINITE_RECURSION = YES;
				CLANG_WARN_INT_CONVERSION = YES;
				CLANG_WARN_NON_LITERAL_NULL_CONVERSION = YES;
				CLANG_WARN_OBJC_IMPLICIT_RETAIN_SELF = YES;
				CLANG_WARN_OBJC_LITERAL_CONVERSION = YES;
				CLANG_WARN_OBJC_ROOT_CLASS = YES_ERROR;
				CLANG_WARN_QUOTED_INCLUDE_IN_FRAMEWORK_HEADER = YES;
				CLANG_WARN_RANGE_LOOP_ANALYSIS = YES;
				CLANG_WARN_STRICT_PROTOTYPES = YES;
				CLANG_WARN_SUSPICIOUS_MOVE = YES;
				CLANG_WARN_UNGUARDED_AVAILABILITY = YES_AGGRESSIVE;
				CLANG_WARN_UNREACHABLE_CODE = YES;
				CLANG_WARN__DUPLICATE_METHOD_MATCH = YES;
				COPY_PHASE_STRIP = NO;
				DEBUG_INFORMATION_FORMAT = "dwarf-with-dsym";
				ENABLE_NS_ASSERTIONS = NO;
				ENABLE_STRICT_OBJC_MSGSEND = YES;
				ENABLE_USER_SCRIPT_SANDBOXING = YES;
				GCC_C_LANGUAGE_STANDARD = gnu17;
				GCC_NO_COMMON_BLOCKS = YES;
				GCC_WARN_64_TO_32_BIT_CONVERSION = YES;
				GCC_WARN_ABOUT_RETURN_TYPE = YES_ERROR;
				GCC_WARN_UNDECLARED_SELECTOR = YES;
				GCC_WARN_UNINITIALIZED_AUTOS = YES_AGGRESSIVE;
				GCC_WARN_UNUSED_FUNCTION = YES;
				GCC_WARN_UNUSED_VARIABLE = YES;
				IPHONEOS_DEPLOYMENT_TARGET = 17.4;
				LOCALIZATION_PREFERS_STRING_CATALOGS = YES;
				MTL_ENABLE_DEBUG_INFO = NO;
				MTL_FAST_MATH = YES;
				SDKROOT = iphoneos;
				SWIFT_COMPILATION_MODE = wholemodule;
				VALIDATE_PRODUCT = YES;
			};
			name = Release;
		};
		2D979E1E2B8A9C8000EAA49B /* Debug */ = {
			isa = XCBuildConfiguration;
			baseConfigurationReference = E60427317E8C2B6A7DAD36BB /* Pods-SessionsTestApp.debug.xcconfig */;
			buildSettings = {
				ASSETCATALOG_COMPILER_APPICON_NAME = AppIcon;
				ASSETCATALOG_COMPILER_GLOBAL_ACCENT_COLOR_NAME = AccentColor;
				CODE_SIGN_STYLE = Automatic;
				CURRENT_PROJECT_VERSION = 1;
				DEVELOPMENT_TEAM = 472XD5HP6E;
				ENABLE_USER_SCRIPT_SANDBOXING = NO;
				GENERATE_INFOPLIST_FILE = YES;
				INFOPLIST_FILE = SessionsTestApp/Info.plist;
				INFOPLIST_KEY_UIApplicationSupportsIndirectInputEvents = YES;
				INFOPLIST_KEY_UILaunchStoryboardName = LaunchScreen;
				INFOPLIST_KEY_UIMainStoryboardFile = Main;
				INFOPLIST_KEY_UISupportedInterfaceOrientations_iPad = "UIInterfaceOrientationPortrait UIInterfaceOrientationPortraitUpsideDown UIInterfaceOrientationLandscapeLeft UIInterfaceOrientationLandscapeRight";
				INFOPLIST_KEY_UISupportedInterfaceOrientations_iPhone = "UIInterfaceOrientationPortrait UIInterfaceOrientationLandscapeLeft UIInterfaceOrientationLandscapeRight";
				LD_RUNPATH_SEARCH_PATHS = (
					"$(inherited)",
					"@executable_path/Frameworks",
				);
				MARKETING_VERSION = 1.0;
				PRODUCT_BUNDLE_IDENTIFIER = dev.kaipi.SessionsTestApp;
				PRODUCT_NAME = "$(TARGET_NAME)";
				SWIFT_EMIT_LOC_STRINGS = YES;
				SWIFT_VERSION = 5.0;
				TARGETED_DEVICE_FAMILY = "1,2";
			};
			name = Debug;
		};
		2D979E1F2B8A9C8000EAA49B /* Release */ = {
			isa = XCBuildConfiguration;
			baseConfigurationReference = F373E20D08F6FED036B03989 /* Pods-SessionsTestApp.release.xcconfig */;
			buildSettings = {
				ASSETCATALOG_COMPILER_APPICON_NAME = AppIcon;
				ASSETCATALOG_COMPILER_GLOBAL_ACCENT_COLOR_NAME = AccentColor;
				CODE_SIGN_STYLE = Automatic;
				CURRENT_PROJECT_VERSION = 1;
				DEVELOPMENT_TEAM = 472XD5HP6E;
				ENABLE_USER_SCRIPT_SANDBOXING = NO;
				GENERATE_INFOPLIST_FILE = YES;
				INFOPLIST_FILE = SessionsTestApp/Info.plist;
				INFOPLIST_KEY_UIApplicationSupportsIndirectInputEvents = YES;
				INFOPLIST_KEY_UILaunchStoryboardName = LaunchScreen;
				INFOPLIST_KEY_UIMainStoryboardFile = Main;
				INFOPLIST_KEY_UISupportedInterfaceOrientations_iPad = "UIInterfaceOrientationPortrait UIInterfaceOrientationPortraitUpsideDown UIInterfaceOrientationLandscapeLeft UIInterfaceOrientationLandscapeRight";
				INFOPLIST_KEY_UISupportedInterfaceOrientations_iPhone = "UIInterfaceOrientationPortrait UIInterfaceOrientationLandscapeLeft UIInterfaceOrientationLandscapeRight";
				LD_RUNPATH_SEARCH_PATHS = (
					"$(inherited)",
					"@executable_path/Frameworks",
				);
				MARKETING_VERSION = 1.0;
				PRODUCT_BUNDLE_IDENTIFIER = dev.kaipi.SessionsTestApp;
				PRODUCT_NAME = "$(TARGET_NAME)";
				SWIFT_EMIT_LOC_STRINGS = YES;
				SWIFT_VERSION = 5.0;
				TARGETED_DEVICE_FAMILY = "1,2";
			};
			name = Release;
		};
/* End XCBuildConfiguration section */

/* Begin XCConfigurationList section */
		2D979E042B8A9C7F00EAA49B /* Build configuration list for PBXProject "SessionsTestApp" */ = {
			isa = XCConfigurationList;
			buildConfigurations = (
				2D979E1B2B8A9C8000EAA49B /* Debug */,
				2D979E1C2B8A9C8000EAA49B /* Release */,
			);
			defaultConfigurationIsVisible = 0;
			defaultConfigurationName = Release;
		};
		2D979E1D2B8A9C8000EAA49B /* Build configuration list for PBXNativeTarget "SessionsTestApp" */ = {
			isa = XCConfigurationList;
			buildConfigurations = (
				2D979E1E2B8A9C8000EAA49B /* Debug */,
				2D979E1F2B8A9C8000EAA49B /* Release */,
			);
			defaultConfigurationIsVisible = 0;
			defaultConfigurationName = Release;
		};
/* End XCConfigurationList section */
	};
	rootObject = 2D979E012B8A9C7F00EAA49B /* Project object */;
}
